// !$*UTF8*$!
{
	archiveVersion = 1;
	classes = {
	};
	objectVersion = 46;
	objects = {

/* Begin PBXBuildFile section */
		60A31DA930689ECD0E1A932D /* libPods-Wheelz.a in Frameworks */ = {isa = PBXBuildFile; fileRef = 7083129AC97004A55C5C55D0 /* libPods-Wheelz.a */; };
		932951B61C69516C00364DB8 /* main.m in Sources */ = {isa = PBXBuildFile; fileRef = 932951B51C69516C00364DB8 /* main.m */; };
		932951B91C69516C00364DB8 /* AppDelegate.m in Sources */ = {isa = PBXBuildFile; fileRef = 932951B81C69516C00364DB8 /* AppDelegate.m */; };
		932951BF1C69516C00364DB8 /* Main.storyboard in Resources */ = {isa = PBXBuildFile; fileRef = 932951BD1C69516C00364DB8 /* Main.storyboard */; };
		932951C11C69516C00364DB8 /* Assets.xcassets in Resources */ = {isa = PBXBuildFile; fileRef = 932951C01C69516C00364DB8 /* Assets.xcassets */; };
		932951C41C69516C00364DB8 /* LaunchScreen.storyboard in Resources */ = {isa = PBXBuildFile; fileRef = 932951C21C69516C00364DB8 /* LaunchScreen.storyboard */; };
		932951CF1C69516C00364DB8 /* WheelzTests.m in Sources */ = {isa = PBXBuildFile; fileRef = 932951CE1C69516C00364DB8 /* WheelzTests.m */; };
		932951DA1C69516C00364DB8 /* WheelzUITests.m in Sources */ = {isa = PBXBuildFile; fileRef = 932951D91C69516C00364DB8 /* WheelzUITests.m */; };
		932951E91C695D4C00364DB8 /* XMLDictionary.m in Sources */ = {isa = PBXBuildFile; fileRef = 932951E81C695D4C00364DB8 /* XMLDictionary.m */; };
		932951EB1C69609700364DB8 /* disability_parking.kml in Resources */ = {isa = PBXBuildFile; fileRef = 932951EA1C69609700364DB8 /* disability_parking.kml */; };
		932951EE1C69650100364DB8 /* HomeViewController.m in Sources */ = {isa = PBXBuildFile; fileRef = 932951ED1C69650100364DB8 /* HomeViewController.m */; };
		932951F11C69652000364DB8 /* DetailViewController.m in Sources */ = {isa = PBXBuildFile; fileRef = 932951F01C69652000364DB8 /* DetailViewController.m */; };
		932951FA1C69657600364DB8 /* LocationManager.m in Sources */ = {isa = PBXBuildFile; fileRef = 932951F91C69657600364DB8 /* LocationManager.m */; };
		932951FC1C6965C700364DB8 /* CoreLocation.framework in Frameworks */ = {isa = PBXBuildFile; fileRef = 932951FB1C6965C700364DB8 /* CoreLocation.framework */; };
		932951FE1C6965FE00364DB8 /* MapKit.framework in Frameworks */ = {isa = PBXBuildFile; fileRef = 932951FD1C6965FE00364DB8 /* MapKit.framework */; };
		9394AB561C6D6C52004450B6 /* UserSearchPIn.swift in Sources */ = {isa = PBXBuildFile; fileRef = 9394AB551C6D6C52004450B6 /* UserSearchPIn.swift */; };
		93CCA1C21C6A9D1600F72046 /* ParkingSpotAnnotation.swift in Sources */ = {isa = PBXBuildFile; fileRef = 93CCA1C11C6A9D1600F72046 /* ParkingSpotAnnotation.swift */; };
		93CCA1CA1C6C0F2300F72046 /* Vancouver.gpx in Resources */ = {isa = PBXBuildFile; fileRef = 93CCA1C91C6C0F2300F72046 /* Vancouver.gpx */; };
		CF71A83E1C6AB69B00C54946 /* ParkingSpot.m in Sources */ = {isa = PBXBuildFile; fileRef = CF71A83D1C6AB69B00C54946 /* ParkingSpot.m */; };
		CF7990B21C6D241F005BD2CB /* OpenInGoogleMapsController.m in Sources */ = {isa = PBXBuildFile; fileRef = CF7990B11C6D241F005BD2CB /* OpenInGoogleMapsController.m */; };
/* End PBXBuildFile section */

/* Begin PBXContainerItemProxy section */
		932951CB1C69516C00364DB8 /* PBXContainerItemProxy */ = {
			isa = PBXContainerItemProxy;
			containerPortal = 932951A91C69516C00364DB8 /* Project object */;
			proxyType = 1;
			remoteGlobalIDString = 932951B01C69516C00364DB8;
			remoteInfo = Wheelz;
		};
		932951D61C69516C00364DB8 /* PBXContainerItemProxy */ = {
			isa = PBXContainerItemProxy;
			containerPortal = 932951A91C69516C00364DB8 /* Project object */;
			proxyType = 1;
			remoteGlobalIDString = 932951B01C69516C00364DB8;
			remoteInfo = Wheelz;
		};
/* End PBXContainerItemProxy section */

/* Begin PBXFileReference section */
		2F23FB01BA9B4A04BD37B241 /* Pods-Wheelz.debug.xcconfig */ = {isa = PBXFileReference; includeInIndex = 1; lastKnownFileType = text.xcconfig; name = "Pods-Wheelz.debug.xcconfig"; path = "Pods/Target Support Files/Pods-Wheelz/Pods-Wheelz.debug.xcconfig"; sourceTree = "<group>"; };
		621E78F939C78E6612BC5714 /* Pods-Wheelz.release.xcconfig */ = {isa = PBXFileReference; includeInIndex = 1; lastKnownFileType = text.xcconfig; name = "Pods-Wheelz.release.xcconfig"; path = "Pods/Target Support Files/Pods-Wheelz/Pods-Wheelz.release.xcconfig"; sourceTree = "<group>"; };
		7083129AC97004A55C5C55D0 /* libPods-Wheelz.a */ = {isa = PBXFileReference; explicitFileType = archive.ar; includeInIndex = 0; path = "libPods-Wheelz.a"; sourceTree = BUILT_PRODUCTS_DIR; };
		932951B11C69516C00364DB8 /* Wheelz.app */ = {isa = PBXFileReference; explicitFileType = wrapper.application; includeInIndex = 0; path = Wheelz.app; sourceTree = BUILT_PRODUCTS_DIR; };
		932951B51C69516C00364DB8 /* main.m */ = {isa = PBXFileReference; lastKnownFileType = sourcecode.c.objc; path = main.m; sourceTree = "<group>"; };
		932951B71C69516C00364DB8 /* AppDelegate.h */ = {isa = PBXFileReference; lastKnownFileType = sourcecode.c.h; path = AppDelegate.h; sourceTree = "<group>"; };
		932951B81C69516C00364DB8 /* AppDelegate.m */ = {isa = PBXFileReference; lastKnownFileType = sourcecode.c.objc; path = AppDelegate.m; sourceTree = "<group>"; };
		932951BE1C69516C00364DB8 /* Base */ = {isa = PBXFileReference; lastKnownFileType = file.storyboard; name = Base; path = Base.lproj/Main.storyboard; sourceTree = "<group>"; };
		932951C01C69516C00364DB8 /* Assets.xcassets */ = {isa = PBXFileReference; lastKnownFileType = folder.assetcatalog; path = Assets.xcassets; sourceTree = "<group>"; };
		932951C31C69516C00364DB8 /* Base */ = {isa = PBXFileReference; lastKnownFileType = file.storyboard; name = Base; path = Base.lproj/LaunchScreen.storyboard; sourceTree = "<group>"; };
		932951C51C69516C00364DB8 /* Info.plist */ = {isa = PBXFileReference; lastKnownFileType = text.plist.xml; path = Info.plist; sourceTree = "<group>"; };
		932951CA1C69516C00364DB8 /* WheelzTests.xctest */ = {isa = PBXFileReference; explicitFileType = wrapper.cfbundle; includeInIndex = 0; path = WheelzTests.xctest; sourceTree = BUILT_PRODUCTS_DIR; };
		932951CE1C69516C00364DB8 /* WheelzTests.m */ = {isa = PBXFileReference; lastKnownFileType = sourcecode.c.objc; path = WheelzTests.m; sourceTree = "<group>"; };
		932951D01C69516C00364DB8 /* Info.plist */ = {isa = PBXFileReference; lastKnownFileType = text.plist.xml; path = Info.plist; sourceTree = "<group>"; };
		932951D51C69516C00364DB8 /* WheelzUITests.xctest */ = {isa = PBXFileReference; explicitFileType = wrapper.cfbundle; includeInIndex = 0; path = WheelzUITests.xctest; sourceTree = BUILT_PRODUCTS_DIR; };
		932951D91C69516C00364DB8 /* WheelzUITests.m */ = {isa = PBXFileReference; lastKnownFileType = sourcecode.c.objc; path = WheelzUITests.m; sourceTree = "<group>"; };
		932951DB1C69516C00364DB8 /* Info.plist */ = {isa = PBXFileReference; lastKnownFileType = text.plist.xml; path = Info.plist; sourceTree = "<group>"; };
		932951E71C695D4C00364DB8 /* XMLDictionary.h */ = {isa = PBXFileReference; fileEncoding = 4; lastKnownFileType = sourcecode.c.h; path = XMLDictionary.h; sourceTree = "<group>"; };
		932951E81C695D4C00364DB8 /* XMLDictionary.m */ = {isa = PBXFileReference; fileEncoding = 4; lastKnownFileType = sourcecode.c.objc; path = XMLDictionary.m; sourceTree = "<group>"; };
		932951EA1C69609700364DB8 /* disability_parking.kml */ = {isa = PBXFileReference; fileEncoding = 4; lastKnownFileType = text.xml; path = disability_parking.kml; sourceTree = "<group>"; };
		932951EC1C69650100364DB8 /* HomeViewController.h */ = {isa = PBXFileReference; fileEncoding = 4; lastKnownFileType = sourcecode.c.h; path = HomeViewController.h; sourceTree = "<group>"; };
		932951ED1C69650100364DB8 /* HomeViewController.m */ = {isa = PBXFileReference; fileEncoding = 4; lastKnownFileType = sourcecode.c.objc; path = HomeViewController.m; sourceTree = "<group>"; };
		932951EF1C69652000364DB8 /* DetailViewController.h */ = {isa = PBXFileReference; fileEncoding = 4; lastKnownFileType = sourcecode.c.h; path = DetailViewController.h; sourceTree = "<group>"; };
		932951F01C69652000364DB8 /* DetailViewController.m */ = {isa = PBXFileReference; fileEncoding = 4; lastKnownFileType = sourcecode.c.objc; path = DetailViewController.m; sourceTree = "<group>"; };
		932951F81C69657600364DB8 /* LocationManager.h */ = {isa = PBXFileReference; fileEncoding = 4; lastKnownFileType = sourcecode.c.h; path = LocationManager.h; sourceTree = "<group>"; };
		932951F91C69657600364DB8 /* LocationManager.m */ = {isa = PBXFileReference; fileEncoding = 4; lastKnownFileType = sourcecode.c.objc; path = LocationManager.m; sourceTree = "<group>"; };
		932951FB1C6965C700364DB8 /* CoreLocation.framework */ = {isa = PBXFileReference; lastKnownFileType = wrapper.framework; name = CoreLocation.framework; path = System/Library/Frameworks/CoreLocation.framework; sourceTree = SDKROOT; };
		932951FD1C6965FE00364DB8 /* MapKit.framework */ = {isa = PBXFileReference; lastKnownFileType = wrapper.framework; name = MapKit.framework; path = System/Library/Frameworks/MapKit.framework; sourceTree = SDKROOT; };
		9394AB551C6D6C52004450B6 /* UserSearchPIn.swift */ = {isa = PBXFileReference; fileEncoding = 4; lastKnownFileType = sourcecode.swift; path = UserSearchPIn.swift; sourceTree = "<group>"; };
		93CCA1C01C6A9D1500F72046 /* Wheelz-Bridging-Header.h */ = {isa = PBXFileReference; lastKnownFileType = sourcecode.c.h; path = "Wheelz-Bridging-Header.h"; sourceTree = "<group>"; };
		93CCA1C11C6A9D1600F72046 /* ParkingSpotAnnotation.swift */ = {isa = PBXFileReference; fileEncoding = 4; lastKnownFileType = sourcecode.swift; path = ParkingSpotAnnotation.swift; sourceTree = "<group>"; };
		93CCA1C91C6C0F2300F72046 /* Vancouver.gpx */ = {isa = PBXFileReference; fileEncoding = 4; lastKnownFileType = text.xml; path = Vancouver.gpx; sourceTree = "<group>"; };
		CF71A83C1C6AB69B00C54946 /* ParkingSpot.h */ = {isa = PBXFileReference; fileEncoding = 4; lastKnownFileType = sourcecode.c.h; path = ParkingSpot.h; sourceTree = "<group>"; };
		CF71A83D1C6AB69B00C54946 /* ParkingSpot.m */ = {isa = PBXFileReference; fileEncoding = 4; lastKnownFileType = sourcecode.c.objc; path = ParkingSpot.m; sourceTree = "<group>"; };
		CF7990B01C6D241F005BD2CB /* OpenInGoogleMapsController.h */ = {isa = PBXFileReference; fileEncoding = 4; lastKnownFileType = sourcecode.c.h; path = OpenInGoogleMapsController.h; sourceTree = "<group>"; };
		CF7990B11C6D241F005BD2CB /* OpenInGoogleMapsController.m */ = {isa = PBXFileReference; fileEncoding = 4; lastKnownFileType = sourcecode.c.objc; path = OpenInGoogleMapsController.m; sourceTree = "<group>"; };
/* End PBXFileReference section */

/* Begin PBXFrameworksBuildPhase section */
		932951AE1C69516C00364DB8 /* Frameworks */ = {
			isa = PBXFrameworksBuildPhase;
			buildActionMask = 2147483647;
			files = (
				932951FE1C6965FE00364DB8 /* MapKit.framework in Frameworks */,
				932951FC1C6965C700364DB8 /* CoreLocation.framework in Frameworks */,
				60A31DA930689ECD0E1A932D /* libPods-Wheelz.a in Frameworks */,
			);
			runOnlyForDeploymentPostprocessing = 0;
		};
		932951C71C69516C00364DB8 /* Frameworks */ = {
			isa = PBXFrameworksBuildPhase;
			buildActionMask = 2147483647;
			files = (
			);
			runOnlyForDeploymentPostprocessing = 0;
		};
		932951D21C69516C00364DB8 /* Frameworks */ = {
			isa = PBXFrameworksBuildPhase;
			buildActionMask = 2147483647;
			files = (
			);
			runOnlyForDeploymentPostprocessing = 0;
		};
/* End PBXFrameworksBuildPhase section */

/* Begin PBXGroup section */
		932951A81C69516C00364DB8 = {
			isa = PBXGroup;
			children = (
				932951B31C69516C00364DB8 /* Wheelz */,
				932951CD1C69516C00364DB8 /* WheelzTests */,
				932951D81C69516C00364DB8 /* WheelzUITests */,
				932951B21C69516C00364DB8 /* Products */,
				D93654310B366A75569C2FB3 /* Pods */,
				F3DC337A0FF0962C19F2CB1F /* Frameworks */,
			);
			sourceTree = "<group>";
		};
		932951B21C69516C00364DB8 /* Products */ = {
			isa = PBXGroup;
			children = (
				932951B11C69516C00364DB8 /* Wheelz.app */,
				932951CA1C69516C00364DB8 /* WheelzTests.xctest */,
				932951D51C69516C00364DB8 /* WheelzUITests.xctest */,
			);
			name = Products;
			sourceTree = "<group>";
		};
		932951B31C69516C00364DB8 /* Wheelz */ = {
			isa = PBXGroup;
			children = (
				93CCA1C91C6C0F2300F72046 /* Vancouver.gpx */,
				932951EA1C69609700364DB8 /* disability_parking.kml */,
				932951E71C695D4C00364DB8 /* XMLDictionary.h */,
				932951E81C695D4C00364DB8 /* XMLDictionary.m */,
				932951B71C69516C00364DB8 /* AppDelegate.h */,
				932951B81C69516C00364DB8 /* AppDelegate.m */,
				932951BD1C69516C00364DB8 /* Main.storyboard */,
				932951EC1C69650100364DB8 /* HomeViewController.h */,
				932951ED1C69650100364DB8 /* HomeViewController.m */,
				932951EF1C69652000364DB8 /* DetailViewController.h */,
				932951F01C69652000364DB8 /* DetailViewController.m */,
				932951F81C69657600364DB8 /* LocationManager.h */,
				932951F91C69657600364DB8 /* LocationManager.m */,
				93CCA1C11C6A9D1600F72046 /* ParkingSpotAnnotation.swift */,
				9394AB551C6D6C52004450B6 /* UserSearchPIn.swift */,
				CF71A83C1C6AB69B00C54946 /* ParkingSpot.h */,
				CF71A83D1C6AB69B00C54946 /* ParkingSpot.m */,
				CF7990B01C6D241F005BD2CB /* OpenInGoogleMapsController.h */,
				CF7990B11C6D241F005BD2CB /* OpenInGoogleMapsController.m */,
				932951C01C69516C00364DB8 /* Assets.xcassets */,
				932951C21C69516C00364DB8 /* LaunchScreen.storyboard */,
				932951C51C69516C00364DB8 /* Info.plist */,
				932951B41C69516C00364DB8 /* Supporting Files */,
				93CCA1C01C6A9D1500F72046 /* Wheelz-Bridging-Header.h */,
			);
			path = Wheelz;
			sourceTree = "<group>";
		};
		932951B41C69516C00364DB8 /* Supporting Files */ = {
			isa = PBXGroup;
			children = (
				932951B51C69516C00364DB8 /* main.m */,
			);
			name = "Supporting Files";
			sourceTree = "<group>";
		};
		932951CD1C69516C00364DB8 /* WheelzTests */ = {
			isa = PBXGroup;
			children = (
				932951CE1C69516C00364DB8 /* WheelzTests.m */,
				932951D01C69516C00364DB8 /* Info.plist */,
			);
			path = WheelzTests;
			sourceTree = "<group>";
		};
		932951D81C69516C00364DB8 /* WheelzUITests */ = {
			isa = PBXGroup;
			children = (
				932951D91C69516C00364DB8 /* WheelzUITests.m */,
				932951DB1C69516C00364DB8 /* Info.plist */,
			);
			path = WheelzUITests;
			sourceTree = "<group>";
		};
		D93654310B366A75569C2FB3 /* Pods */ = {
			isa = PBXGroup;
			children = (
				2F23FB01BA9B4A04BD37B241 /* Pods-Wheelz.debug.xcconfig */,
				621E78F939C78E6612BC5714 /* Pods-Wheelz.release.xcconfig */,
			);
			name = Pods;
			sourceTree = "<group>";
		};
		F3DC337A0FF0962C19F2CB1F /* Frameworks */ = {
			isa = PBXGroup;
			children = (
				932951FD1C6965FE00364DB8 /* MapKit.framework */,
				932951FB1C6965C700364DB8 /* CoreLocation.framework */,
				7083129AC97004A55C5C55D0 /* libPods-Wheelz.a */,
			);
			name = Frameworks;
			sourceTree = "<group>";
		};
/* End PBXGroup section */

/* Begin PBXNativeTarget section */
		932951B01C69516C00364DB8 /* Wheelz */ = {
			isa = PBXNativeTarget;
			buildConfigurationList = 932951DE1C69516C00364DB8 /* Build configuration list for PBXNativeTarget "Wheelz" */;
			buildPhases = (
				B909B88266EE1F4253EA4FC1 /* Check Pods Manifest.lock */,
				932951AD1C69516C00364DB8 /* Sources */,
				932951AE1C69516C00364DB8 /* Frameworks */,
				932951AF1C69516C00364DB8 /* Resources */,
				767496BA0D84673C284283D8 /* Embed Pods Frameworks */,
				A45F8F618B4F125567DB548E /* Copy Pods Resources */,
			);
			buildRules = (
			);
			dependencies = (
			);
			name = Wheelz;
			productName = Wheelz;
			productReference = 932951B11C69516C00364DB8 /* Wheelz.app */;
			productType = "com.apple.product-type.application";
		};
		932951C91C69516C00364DB8 /* WheelzTests */ = {
			isa = PBXNativeTarget;
			buildConfigurationList = 932951E11C69516C00364DB8 /* Build configuration list for PBXNativeTarget "WheelzTests" */;
			buildPhases = (
				932951C61C69516C00364DB8 /* Sources */,
				932951C71C69516C00364DB8 /* Frameworks */,
				932951C81C69516C00364DB8 /* Resources */,
			);
			buildRules = (
			);
			dependencies = (
				932951CC1C69516C00364DB8 /* PBXTargetDependency */,
			);
			name = WheelzTests;
			productName = WheelzTests;
			productReference = 932951CA1C69516C00364DB8 /* WheelzTests.xctest */;
			productType = "com.apple.product-type.bundle.unit-test";
		};
		932951D41C69516C00364DB8 /* WheelzUITests */ = {
			isa = PBXNativeTarget;
			buildConfigurationList = 932951E41C69516C00364DB8 /* Build configuration list for PBXNativeTarget "WheelzUITests" */;
			buildPhases = (
				932951D11C69516C00364DB8 /* Sources */,
				932951D21C69516C00364DB8 /* Frameworks */,
				932951D31C69516C00364DB8 /* Resources */,
			);
			buildRules = (
			);
			dependencies = (
				932951D71C69516C00364DB8 /* PBXTargetDependency */,
			);
			name = WheelzUITests;
			productName = WheelzUITests;
			productReference = 932951D51C69516C00364DB8 /* WheelzUITests.xctest */;
			productType = "com.apple.product-type.bundle.ui-testing";
		};
/* End PBXNativeTarget section */

/* Begin PBXProject section */
		932951A91C69516C00364DB8 /* Project object */ = {
			isa = PBXProject;
			attributes = {
				LastUpgradeCheck = 0720;
				ORGANIZATIONNAME = "Benson Huynh";
				TargetAttributes = {
					932951B01C69516C00364DB8 = {
						CreatedOnToolsVersion = 7.2.1;
						DevelopmentTeam = V4RWNDPEWZ;
					};
					932951C91C69516C00364DB8 = {
						CreatedOnToolsVersion = 7.2.1;
						DevelopmentTeam = Q4XP3UEQ6Q;
						TestTargetID = 932951B01C69516C00364DB8;
					};
					932951D41C69516C00364DB8 = {
						CreatedOnToolsVersion = 7.2.1;
						DevelopmentTeam = Q4XP3UEQ6Q;
						TestTargetID = 932951B01C69516C00364DB8;
					};
				};
			};
			buildConfigurationList = 932951AC1C69516C00364DB8 /* Build configuration list for PBXProject "Wheelz" */;
			compatibilityVersion = "Xcode 3.2";
			developmentRegion = English;
			hasScannedForEncodings = 0;
			knownRegions = (
				en,
				Base,
			);
			mainGroup = 932951A81C69516C00364DB8;
			productRefGroup = 932951B21C69516C00364DB8 /* Products */;
			projectDirPath = "";
			projectRoot = "";
			targets = (
				932951B01C69516C00364DB8 /* Wheelz */,
				932951C91C69516C00364DB8 /* WheelzTests */,
				932951D41C69516C00364DB8 /* WheelzUITests */,
			);
		};
/* End PBXProject section */

/* Begin PBXResourcesBuildPhase section */
		932951AF1C69516C00364DB8 /* Resources */ = {
			isa = PBXResourcesBuildPhase;
			buildActionMask = 2147483647;
			files = (
				93CCA1CA1C6C0F2300F72046 /* Vancouver.gpx in Resources */,
				932951C41C69516C00364DB8 /* LaunchScreen.storyboard in Resources */,
				932951EB1C69609700364DB8 /* disability_parking.kml in Resources */,
				932951C11C69516C00364DB8 /* Assets.xcassets in Resources */,
				932951BF1C69516C00364DB8 /* Main.storyboard in Resources */,
			);
			runOnlyForDeploymentPostprocessing = 0;
		};
		932951C81C69516C00364DB8 /* Resources */ = {
			isa = PBXResourcesBuildPhase;
			buildActionMask = 2147483647;
			files = (
			);
			runOnlyForDeploymentPostprocessing = 0;
		};
		932951D31C69516C00364DB8 /* Resources */ = {
			isa = PBXResourcesBuildPhase;
			buildActionMask = 2147483647;
			files = (
			);
			runOnlyForDeploymentPostprocessing = 0;
		};
/* End PBXResourcesBuildPhase section */

/* Begin PBXShellScriptBuildPhase section */
		767496BA0D84673C284283D8 /* Embed Pods Frameworks */ = {
			isa = PBXShellScriptBuildPhase;
			buildActionMask = 2147483647;
			files = (
			);
			inputPaths = (
			);
			name = "Embed Pods Frameworks";
			outputPaths = (
			);
			runOnlyForDeploymentPostprocessing = 0;
			shellPath = /bin/sh;
			shellScript = "\"${SRCROOT}/Pods/Target Support Files/Pods-Wheelz/Pods-Wheelz-frameworks.sh\"\n";
			showEnvVarsInLog = 0;
		};
		A45F8F618B4F125567DB548E /* Copy Pods Resources */ = {
			isa = PBXShellScriptBuildPhase;
			buildActionMask = 2147483647;
			files = (
			);
			inputPaths = (
			);
			name = "Copy Pods Resources";
			outputPaths = (
			);
			runOnlyForDeploymentPostprocessing = 0;
			shellPath = /bin/sh;
			shellScript = "\"${SRCROOT}/Pods/Target Support Files/Pods-Wheelz/Pods-Wheelz-resources.sh\"\n";
			showEnvVarsInLog = 0;
		};
		B909B88266EE1F4253EA4FC1 /* Check Pods Manifest.lock */ = {
			isa = PBXShellScriptBuildPhase;
			buildActionMask = 2147483647;
			files = (
			);
			inputPaths = (
			);
			name = "Check Pods Manifest.lock";
			outputPaths = (
			);
			runOnlyForDeploymentPostprocessing = 0;
			shellPath = /bin/sh;
			shellScript = "diff \"${PODS_ROOT}/../Podfile.lock\" \"${PODS_ROOT}/Manifest.lock\" > /dev/null\nif [[ $? != 0 ]] ; then\n    cat << EOM\nerror: The sandbox is not in sync with the Podfile.lock. Run 'pod install' or update your CocoaPods installation.\nEOM\n    exit 1\nfi\n";
			showEnvVarsInLog = 0;
		};
/* End PBXShellScriptBuildPhase section */

/* Begin PBXSourcesBuildPhase section */
		932951AD1C69516C00364DB8 /* Sources */ = {
			isa = PBXSourcesBuildPhase;
			buildActionMask = 2147483647;
			files = (
				932951FA1C69657600364DB8 /* LocationManager.m in Sources */,
				932951F11C69652000364DB8 /* DetailViewController.m in Sources */,
				CF71A83E1C6AB69B00C54946 /* ParkingSpot.m in Sources */,
				CF7990B21C6D241F005BD2CB /* OpenInGoogleMapsController.m in Sources */,
				932951E91C695D4C00364DB8 /* XMLDictionary.m in Sources */,
				932951B91C69516C00364DB8 /* AppDelegate.m in Sources */,
				93CCA1C21C6A9D1600F72046 /* ParkingSpotAnnotation.swift in Sources */,
				932951B61C69516C00364DB8 /* main.m in Sources */,
				9394AB561C6D6C52004450B6 /* UserSearchPIn.swift in Sources */,
				932951EE1C69650100364DB8 /* HomeViewController.m in Sources */,
			);
			runOnlyForDeploymentPostprocessing = 0;
		};
		932951C61C69516C00364DB8 /* Sources */ = {
			isa = PBXSourcesBuildPhase;
			buildActionMask = 2147483647;
			files = (
				932951CF1C69516C00364DB8 /* WheelzTests.m in Sources */,
			);
			runOnlyForDeploymentPostprocessing = 0;
		};
		932951D11C69516C00364DB8 /* Sources */ = {
			isa = PBXSourcesBuildPhase;
			buildActionMask = 2147483647;
			files = (
				932951DA1C69516C00364DB8 /* WheelzUITests.m in Sources */,
			);
			runOnlyForDeploymentPostprocessing = 0;
		};
/* End PBXSourcesBuildPhase section */

/* Begin PBXTargetDependency section */
		932951CC1C69516C00364DB8 /* PBXTargetDependency */ = {
			isa = PBXTargetDependency;
			target = 932951B01C69516C00364DB8 /* Wheelz */;
			targetProxy = 932951CB1C69516C00364DB8 /* PBXContainerItemProxy */;
		};
		932951D71C69516C00364DB8 /* PBXTargetDependency */ = {
			isa = PBXTargetDependency;
			target = 932951B01C69516C00364DB8 /* Wheelz */;
			targetProxy = 932951D61C69516C00364DB8 /* PBXContainerItemProxy */;
		};
/* End PBXTargetDependency section */

/* Begin PBXVariantGroup section */
		932951BD1C69516C00364DB8 /* Main.storyboard */ = {
			isa = PBXVariantGroup;
			children = (
				932951BE1C69516C00364DB8 /* Base */,
			);
			name = Main.storyboard;
			sourceTree = "<group>";
		};
		932951C21C69516C00364DB8 /* LaunchScreen.storyboard */ = {
			isa = PBXVariantGroup;
			children = (
				932951C31C69516C00364DB8 /* Base */,
			);
			name = LaunchScreen.storyboard;
			sourceTree = "<group>";
		};
/* End PBXVariantGroup section */

/* Begin XCBuildConfiguration section */
		932951DC1C69516C00364DB8 /* Debug */ = {
			isa = XCBuildConfiguration;
			buildSettings = {
				ALWAYS_SEARCH_USER_PATHS = NO;
				CLANG_CXX_LANGUAGE_STANDARD = "gnu++0x";
				CLANG_CXX_LIBRARY = "libc++";
				CLANG_ENABLE_MODULES = YES;
				CLANG_ENABLE_OBJC_ARC = YES;
				CLANG_WARN_BOOL_CONVERSION = YES;
				CLANG_WARN_CONSTANT_CONVERSION = YES;
				CLANG_WARN_DIRECT_OBJC_ISA_USAGE = YES_ERROR;
				CLANG_WARN_EMPTY_BODY = YES;
				CLANG_WARN_ENUM_CONVERSION = YES;
				CLANG_WARN_INT_CONVERSION = YES;
				CLANG_WARN_OBJC_ROOT_CLASS = YES_ERROR;
				CLANG_WARN_UNREACHABLE_CODE = YES;
				CLANG_WARN__DUPLICATE_METHOD_MATCH = YES;
				"CODE_SIGN_IDENTITY[sdk=iphoneos*]" = "iPhone Developer";
				COPY_PHASE_STRIP = NO;
				DEBUG_INFORMATION_FORMAT = dwarf;
				ENABLE_STRICT_OBJC_MSGSEND = YES;
				ENABLE_TESTABILITY = YES;
				GCC_C_LANGUAGE_STANDARD = gnu99;
				GCC_DYNAMIC_NO_PIC = NO;
				GCC_NO_COMMON_BLOCKS = YES;
				GCC_OPTIMIZATION_LEVEL = 0;
				GCC_PREPROCESSOR_DEFINITIONS = (
					"DEBUG=1",
					"$(inherited)",
				);
				GCC_WARN_64_TO_32_BIT_CONVERSION = YES;
				GCC_WARN_ABOUT_RETURN_TYPE = YES_ERROR;
				GCC_WARN_UNDECLARED_SELECTOR = YES;
				GCC_WARN_UNINITIALIZED_AUTOS = YES_AGGRESSIVE;
				GCC_WARN_UNUSED_FUNCTION = YES;
				GCC_WARN_UNUSED_VARIABLE = YES;
				IPHONEOS_DEPLOYMENT_TARGET = 9.2;
				MTL_ENABLE_DEBUG_INFO = YES;
				ONLY_ACTIVE_ARCH = YES;
				SDKROOT = iphoneos;
				TARGETED_DEVICE_FAMILY = "1,2";
			};
			name = Debug;
		};
		932951DD1C69516C00364DB8 /* Release */ = {
			isa = XCBuildConfiguration;
			buildSettings = {
				ALWAYS_SEARCH_USER_PATHS = NO;
				CLANG_CXX_LANGUAGE_STANDARD = "gnu++0x";
				CLANG_CXX_LIBRARY = "libc++";
				CLANG_ENABLE_MODULES = YES;
				CLANG_ENABLE_OBJC_ARC = YES;
				CLANG_WARN_BOOL_CONVERSION = YES;
				CLANG_WARN_CONSTANT_CONVERSION = YES;
				CLANG_WARN_DIRECT_OBJC_ISA_USAGE = YES_ERROR;
				CLANG_WARN_EMPTY_BODY = YES;
				CLANG_WARN_ENUM_CONVERSION = YES;
				CLANG_WARN_INT_CONVERSION = YES;
				CLANG_WARN_OBJC_ROOT_CLASS = YES_ERROR;
				CLANG_WARN_UNREACHABLE_CODE = YES;
				CLANG_WARN__DUPLICATE_METHOD_MATCH = YES;
				"CODE_SIGN_IDENTITY[sdk=iphoneos*]" = "iPhone Developer";
				COPY_PHASE_STRIP = NO;
				DEBUG_INFORMATION_FORMAT = "dwarf-with-dsym";
				ENABLE_NS_ASSERTIONS = NO;
				ENABLE_STRICT_OBJC_MSGSEND = YES;
				GCC_C_LANGUAGE_STANDARD = gnu99;
				GCC_NO_COMMON_BLOCKS = YES;
				GCC_WARN_64_TO_32_BIT_CONVERSION = YES;
				GCC_WARN_ABOUT_RETURN_TYPE = YES_ERROR;
				GCC_WARN_UNDECLARED_SELECTOR = YES;
				GCC_WARN_UNINITIALIZED_AUTOS = YES_AGGRESSIVE;
				GCC_WARN_UNUSED_FUNCTION = YES;
				GCC_WARN_UNUSED_VARIABLE = YES;
				IPHONEOS_DEPLOYMENT_TARGET = 9.2;
				MTL_ENABLE_DEBUG_INFO = NO;
				SDKROOT = iphoneos;
				TARGETED_DEVICE_FAMILY = "1,2";
				VALIDATE_PRODUCT = YES;
			};
			name = Release;
		};
		932951DF1C69516C00364DB8 /* Debug */ = {
			isa = XCBuildConfiguration;
			baseConfigurationReference = 2F23FB01BA9B4A04BD37B241 /* Pods-Wheelz.debug.xcconfig */;
			buildSettings = {
				ASSETCATALOG_COMPILER_APPICON_NAME = AppIcon;
				CLANG_ENABLE_MODULES = YES;
				CODE_SIGN_IDENTITY = "iPhone Developer";
				"CODE_SIGN_IDENTITY[sdk=iphoneos*]" = "iPhone Developer";
				INFOPLIST_FILE = Wheelz/Info.plist;
				IPHONEOS_DEPLOYMENT_TARGET = 9.0;
				LD_RUNPATH_SEARCH_PATHS = "$(inherited) @executable_path/Frameworks";
				PRODUCT_BUNDLE_IDENTIFIER = ca.lighthouselabs.Wheelz;
				PRODUCT_NAME = "$(TARGET_NAME)";
				PROVISIONING_PROFILE = "";
				SWIFT_OBJC_BRIDGING_HEADER = "Wheelz/Wheelz-Bridging-Header.h";
				SWIFT_OPTIMIZATION_LEVEL = "-Onone";
			};
			name = Debug;
		};
		932951E01C69516C00364DB8 /* Release */ = {
			isa = XCBuildConfiguration;
			baseConfigurationReference = 621E78F939C78E6612BC5714 /* Pods-Wheelz.release.xcconfig */;
			buildSettings = {
				ASSETCATALOG_COMPILER_APPICON_NAME = AppIcon;
				CLANG_ENABLE_MODULES = YES;
				CODE_SIGN_IDENTITY = "iPhone Developer";
				"CODE_SIGN_IDENTITY[sdk=iphoneos*]" = "iPhone Developer";
				INFOPLIST_FILE = Wheelz/Info.plist;
				IPHONEOS_DEPLOYMENT_TARGET = 9.0;
				LD_RUNPATH_SEARCH_PATHS = "$(inherited) @executable_path/Frameworks";
				PRODUCT_BUNDLE_IDENTIFIER = ca.lighthouselabs.Wheelz;
				PRODUCT_NAME = "$(TARGET_NAME)";
				PROVISIONING_PROFILE = "";
				SWIFT_OBJC_BRIDGING_HEADER = "Wheelz/Wheelz-Bridging-Header.h";
			};
			name = Release;
		};
		932951E21C69516C00364DB8 /* Debug */ = {
			isa = XCBuildConfiguration;
			buildSettings = {
				BUNDLE_LOADER = "$(TEST_HOST)";
				INFOPLIST_FILE = WheelzTests/Info.plist;
				LD_RUNPATH_SEARCH_PATHS = "$(inherited) @executable_path/Frameworks @loader_path/Frameworks";
				PRODUCT_BUNDLE_IDENTIFIER = ca.lighthouselabs.WheelzTests;
				PRODUCT_NAME = "$(TARGET_NAME)";
				TEST_HOST = "$(BUILT_PRODUCTS_DIR)/Wheelz.app/Wheelz";
			};
			name = Debug;
		};
		932951E31C69516C00364DB8 /* Release */ = {
			isa = XCBuildConfiguration;
			buildSettings = {
				BUNDLE_LOADER = "$(TEST_HOST)";
				INFOPLIST_FILE = WheelzTests/Info.plist;
				LD_RUNPATH_SEARCH_PATHS = "$(inherited) @executable_path/Frameworks @loader_path/Frameworks";
				PRODUCT_BUNDLE_IDENTIFIER = ca.lighthouselabs.WheelzTests;
				PRODUCT_NAME = "$(TARGET_NAME)";
				TEST_HOST = "$(BUILT_PRODUCTS_DIR)/Wheelz.app/Wheelz";
			};
			name = Release;
		};
		932951E51C69516C00364DB8 /* Debug */ = {
			isa = XCBuildConfiguration;
			buildSettings = {
				INFOPLIST_FILE = WheelzUITests/Info.plist;
				LD_RUNPATH_SEARCH_PATHS = "$(inherited) @executable_path/Frameworks @loader_path/Frameworks";
				PRODUCT_BUNDLE_IDENTIFIER = ca.lighthouselabs.WheelzUITests;
				PRODUCT_NAME = "$(TARGET_NAME)";
				TEST_TARGET_NAME = Wheelz;
				USES_XCTRUNNER = YES;
			};
			name = Debug;
		};
		932951E61C69516C00364DB8 /* Release */ = {
			isa = XCBuildConfiguration;
			buildSettings = {
				INFOPLIST_FILE = WheelzUITests/Info.plist;
				LD_RUNPATH_SEARCH_PATHS = "$(inherited) @executable_path/Frameworks @loader_path/Frameworks";
				PRODUCT_BUNDLE_IDENTIFIER = ca.lighthouselabs.WheelzUITests;
				PRODUCT_NAME = "$(TARGET_NAME)";
				TEST_TARGET_NAME = Wheelz;
				USES_XCTRUNNER = YES;
			};
			name = Release;
		};
/* End XCBuildConfiguration section */

/* Begin XCConfigurationList section */
		932951AC1C69516C00364DB8 /* Build configuration list for PBXProject "Wheelz" */ = {
			isa = XCConfigurationList;
			buildConfigurations = (
				932951DC1C69516C00364DB8 /* Debug */,
				932951DD1C69516C00364DB8 /* Release */,
			);
			defaultConfigurationIsVisible = 0;
			defaultConfigurationName = Release;
		};
		932951DE1C69516C00364DB8 /* Build configuration list for PBXNativeTarget "Wheelz" */ = {
			isa = XCConfigurationList;
			buildConfigurations = (
				932951DF1C69516C00364DB8 /* Debug */,
				932951E01C69516C00364DB8 /* Release */,
			);
			defaultConfigurationIsVisible = 0;
			defaultConfigurationName = Release;
		};
		932951E11C69516C00364DB8 /* Build configuration list for PBXNativeTarget "WheelzTests" */ = {
			isa = XCConfigurationList;
			buildConfigurations = (
				932951E21C69516C00364DB8 /* Debug */,
				932951E31C69516C00364DB8 /* Release */,
			);
			defaultConfigurationIsVisible = 0;
			defaultConfigurationName = Release;
		};
		932951E41C69516C00364DB8 /* Build configuration list for PBXNativeTarget "WheelzUITests" */ = {
			isa = XCConfigurationList;
			buildConfigurations = (
				932951E51C69516C00364DB8 /* Debug */,
				932951E61C69516C00364DB8 /* Release */,
			);
			defaultConfigurationIsVisible = 0;
			defaultConfigurationName = Release;
		};
/* End XCConfigurationList section */
	};
	rootObject = 932951A91C69516C00364DB8 /* Project object */;
}
